// !$*UTF8*$!
{
	archiveVersion = 1;
	classes = {
	};
	objectVersion = 46;
	objects = {

/* Begin PBXBuildFile section */
		0453C5F81EA7113E00F7D5AE /* AppDelegate.m in Sources */ = {isa = PBXBuildFile; fileRef = 0453C5F41EA7113E00F7D5AE /* AppDelegate.m */; };
		0453C5F91EA7113E00F7D5AE /* Info.plist in Resources */ = {isa = PBXBuildFile; fileRef = 0453C5F51EA7113E00F7D5AE /* Info.plist */; };
		0453C5FA1EA7113E00F7D5AE /* LaunchScreen.storyboard in Resources */ = {isa = PBXBuildFile; fileRef = 0453C5F61EA7113E00F7D5AE /* LaunchScreen.storyboard */; };
		0453C5FB1EA7113E00F7D5AE /* main.m in Sources */ = {isa = PBXBuildFile; fileRef = 0453C5F71EA7113E00F7D5AE /* main.m */; };
		0453C60B1EA713C200F7D5AE /* AccountViewController.m in Sources */ = {isa = PBXBuildFile; fileRef = 0453C6091EA713C200F7D5AE /* AccountViewController.m */; };
		0453C60C1EA713C200F7D5AE /* AccountViewController.xib in Resources */ = {isa = PBXBuildFile; fileRef = 0453C60A1EA713C200F7D5AE /* AccountViewController.xib */; };
		0453C6101EA713D100F7D5AE /* DeviceViewController.m in Sources */ = {isa = PBXBuildFile; fileRef = 0453C60E1EA713D100F7D5AE /* DeviceViewController.m */; };
		0453C6111EA713D100F7D5AE /* DeviceViewController.xib in Resources */ = {isa = PBXBuildFile; fileRef = 0453C60F1EA713D100F7D5AE /* DeviceViewController.xib */; };
		0453C6151EA713DE00F7D5AE /* DiscoverViewController.m in Sources */ = {isa = PBXBuildFile; fileRef = 0453C6131EA713DE00F7D5AE /* DiscoverViewController.m */; };
		0453C6161EA713DE00F7D5AE /* DiscoverViewController.xib in Resources */ = {isa = PBXBuildFile; fileRef = 0453C6141EA713DE00F7D5AE /* DiscoverViewController.xib */; };
		0453C61A1EA713EB00F7D5AE /* SceneViewController.m in Sources */ = {isa = PBXBuildFile; fileRef = 0453C6181EA713EB00F7D5AE /* SceneViewController.m */; };
		0453C61B1EA713EB00F7D5AE /* SceneViewController.xib in Resources */ = {isa = PBXBuildFile; fileRef = 0453C6191EA713EB00F7D5AE /* SceneViewController.xib */; };
		0453C61F1EA713FA00F7D5AE /* LoginViewController.m in Sources */ = {isa = PBXBuildFile; fileRef = 0453C61D1EA713FA00F7D5AE /* LoginViewController.m */; };
		0453C6201EA713FA00F7D5AE /* LoginViewController.xib in Resources */ = {isa = PBXBuildFile; fileRef = 0453C61E1EA713FA00F7D5AE /* LoginViewController.xib */; };
		0453C6241EA7141D00F7D5AE /* RegistViewController.m in Sources */ = {isa = PBXBuildFile; fileRef = 0453C6221EA7141D00F7D5AE /* RegistViewController.m */; };
		0453C6251EA7141D00F7D5AE /* RegistViewController.xib in Resources */ = {isa = PBXBuildFile; fileRef = 0453C6231EA7141D00F7D5AE /* RegistViewController.xib */; };
		04B4CC9E1EA6F0EE00AFD011 /* Assets.xcassets in Resources */ = {isa = PBXBuildFile; fileRef = 04B4CC9D1EA6F0EE00AFD011 /* Assets.xcassets */; };
		04B4CCAC1EA6F0EE00AFD011 /* RuiLifeTests.m in Sources */ = {isa = PBXBuildFile; fileRef = 04B4CCAB1EA6F0EE00AFD011 /* RuiLifeTests.m */; };
		04B4CCB71EA6F0EE00AFD011 /* RuiLifeUITests.m in Sources */ = {isa = PBXBuildFile; fileRef = 04B4CCB61EA6F0EE00AFD011 /* RuiLifeUITests.m */; };
		6423DD528AD33D930B31F352 /* libPods-RuiLife.a in Frameworks */ = {isa = PBXBuildFile; fileRef = 87CD82CDD29D002547F47653 /* libPods-RuiLife.a */; };
/* End PBXBuildFile section */

/* Begin PBXContainerItemProxy section */
		04B4CCA81EA6F0EE00AFD011 /* PBXContainerItemProxy */ = {
			isa = PBXContainerItemProxy;
			containerPortal = 04B4CC861EA6F0ED00AFD011 /* Project object */;
			proxyType = 1;
			remoteGlobalIDString = 04B4CC8D1EA6F0ED00AFD011;
			remoteInfo = RuiLife;
		};
		04B4CCB31EA6F0EE00AFD011 /* PBXContainerItemProxy */ = {
			isa = PBXContainerItemProxy;
			containerPortal = 04B4CC861EA6F0ED00AFD011 /* Project object */;
			proxyType = 1;
			remoteGlobalIDString = 04B4CC8D1EA6F0ED00AFD011;
			remoteInfo = RuiLife;
		};
/* End PBXContainerItemProxy section */

/* Begin PBXFileReference section */
		0453C5F31EA7113E00F7D5AE /* AppDelegate.h */ = {isa = PBXFileReference; fileEncoding = 4; lastKnownFileType = sourcecode.c.h; path = AppDelegate.h; sourceTree = "<group>"; };
		0453C5F41EA7113E00F7D5AE /* AppDelegate.m */ = {isa = PBXFileReference; fileEncoding = 4; lastKnownFileType = sourcecode.c.objc; path = AppDelegate.m; sourceTree = "<group>"; };
		0453C5F51EA7113E00F7D5AE /* Info.plist */ = {isa = PBXFileReference; fileEncoding = 4; lastKnownFileType = text.plist.xml; path = Info.plist; sourceTree = "<group>"; };
		0453C5F61EA7113E00F7D5AE /* LaunchScreen.storyboard */ = {isa = PBXFileReference; fileEncoding = 4; lastKnownFileType = file.storyboard; path = LaunchScreen.storyboard; sourceTree = "<group>"; };
		0453C5F71EA7113E00F7D5AE /* main.m */ = {isa = PBXFileReference; fileEncoding = 4; lastKnownFileType = sourcecode.c.objc; path = main.m; sourceTree = "<group>"; };
		0453C6081EA713C200F7D5AE /* AccountViewController.h */ = {isa = PBXFileReference; fileEncoding = 4; lastKnownFileType = sourcecode.c.h; path = AccountViewController.h; sourceTree = "<group>"; };
		0453C6091EA713C200F7D5AE /* AccountViewController.m */ = {isa = PBXFileReference; fileEncoding = 4; lastKnownFileType = sourcecode.c.objc; path = AccountViewController.m; sourceTree = "<group>"; };
		0453C60A1EA713C200F7D5AE /* AccountViewController.xib */ = {isa = PBXFileReference; fileEncoding = 4; lastKnownFileType = file.xib; path = AccountViewController.xib; sourceTree = "<group>"; };
		0453C60D1EA713D100F7D5AE /* DeviceViewController.h */ = {isa = PBXFileReference; fileEncoding = 4; lastKnownFileType = sourcecode.c.h; path = DeviceViewController.h; sourceTree = "<group>"; };
		0453C60E1EA713D100F7D5AE /* DeviceViewController.m */ = {isa = PBXFileReference; fileEncoding = 4; lastKnownFileType = sourcecode.c.objc; path = DeviceViewController.m; sourceTree = "<group>"; };
		0453C60F1EA713D100F7D5AE /* DeviceViewController.xib */ = {isa = PBXFileReference; fileEncoding = 4; lastKnownFileType = file.xib; path = DeviceViewController.xib; sourceTree = "<group>"; };
		0453C6121EA713DE00F7D5AE /* DiscoverViewController.h */ = {isa = PBXFileReference; fileEncoding = 4; lastKnownFileType = sourcecode.c.h; path = DiscoverViewController.h; sourceTree = "<group>"; };
		0453C6131EA713DE00F7D5AE /* DiscoverViewController.m */ = {isa = PBXFileReference; fileEncoding = 4; lastKnownFileType = sourcecode.c.objc; path = DiscoverViewController.m; sourceTree = "<group>"; };
		0453C6141EA713DE00F7D5AE /* DiscoverViewController.xib */ = {isa = PBXFileReference; fileEncoding = 4; lastKnownFileType = file.xib; path = DiscoverViewController.xib; sourceTree = "<group>"; };
		0453C6171EA713EB00F7D5AE /* SceneViewController.h */ = {isa = PBXFileReference; fileEncoding = 4; lastKnownFileType = sourcecode.c.h; path = SceneViewController.h; sourceTree = "<group>"; };
		0453C6181EA713EB00F7D5AE /* SceneViewController.m */ = {isa = PBXFileReference; fileEncoding = 4; lastKnownFileType = sourcecode.c.objc; path = SceneViewController.m; sourceTree = "<group>"; };
		0453C6191EA713EB00F7D5AE /* SceneViewController.xib */ = {isa = PBXFileReference; fileEncoding = 4; lastKnownFileType = file.xib; path = SceneViewController.xib; sourceTree = "<group>"; };
		0453C61C1EA713FA00F7D5AE /* LoginViewController.h */ = {isa = PBXFileReference; fileEncoding = 4; lastKnownFileType = sourcecode.c.h; path = LoginViewController.h; sourceTree = "<group>"; };
		0453C61D1EA713FA00F7D5AE /* LoginViewController.m */ = {isa = PBXFileReference; fileEncoding = 4; lastKnownFileType = sourcecode.c.objc; path = LoginViewController.m; sourceTree = "<group>"; };
		0453C61E1EA713FA00F7D5AE /* LoginViewController.xib */ = {isa = PBXFileReference; fileEncoding = 4; lastKnownFileType = file.xib; path = LoginViewController.xib; sourceTree = "<group>"; };
		0453C6211EA7141D00F7D5AE /* RegistViewController.h */ = {isa = PBXFileReference; fileEncoding = 4; lastKnownFileType = sourcecode.c.h; path = RegistViewController.h; sourceTree = "<group>"; };
		0453C6221EA7141D00F7D5AE /* RegistViewController.m */ = {isa = PBXFileReference; fileEncoding = 4; lastKnownFileType = sourcecode.c.objc; path = RegistViewController.m; sourceTree = "<group>"; };
		0453C6231EA7141D00F7D5AE /* RegistViewController.xib */ = {isa = PBXFileReference; fileEncoding = 4; lastKnownFileType = file.xib; path = RegistViewController.xib; sourceTree = "<group>"; };
		0453C6261EA7151800F7D5AE /* RuiLife-Prefix.pch */ = {isa = PBXFileReference; lastKnownFileType = sourcecode.c.h; path = "RuiLife-Prefix.pch"; sourceTree = "<group>"; };
		04B4CC8E1EA6F0EE00AFD011 /* RuiLife.app */ = {isa = PBXFileReference; explicitFileType = wrapper.application; includeInIndex = 0; path = RuiLife.app; sourceTree = BUILT_PRODUCTS_DIR; };
		04B4CC9D1EA6F0EE00AFD011 /* Assets.xcassets */ = {isa = PBXFileReference; lastKnownFileType = folder.assetcatalog; path = Assets.xcassets; sourceTree = "<group>"; };
		04B4CCA71EA6F0EE00AFD011 /* RuiLifeTests.xctest */ = {isa = PBXFileReference; explicitFileType = wrapper.cfbundle; includeInIndex = 0; path = RuiLifeTests.xctest; sourceTree = BUILT_PRODUCTS_DIR; };
		04B4CCAB1EA6F0EE00AFD011 /* RuiLifeTests.m */ = {isa = PBXFileReference; lastKnownFileType = sourcecode.c.objc; path = RuiLifeTests.m; sourceTree = "<group>"; };
		04B4CCAD1EA6F0EE00AFD011 /* Info.plist */ = {isa = PBXFileReference; lastKnownFileType = text.plist.xml; path = Info.plist; sourceTree = "<group>"; };
		04B4CCB21EA6F0EE00AFD011 /* RuiLifeUITests.xctest */ = {isa = PBXFileReference; explicitFileType = wrapper.cfbundle; includeInIndex = 0; path = RuiLifeUITests.xctest; sourceTree = BUILT_PRODUCTS_DIR; };
		04B4CCB61EA6F0EE00AFD011 /* RuiLifeUITests.m */ = {isa = PBXFileReference; lastKnownFileType = sourcecode.c.objc; path = RuiLifeUITests.m; sourceTree = "<group>"; };
		04B4CCB81EA6F0EE00AFD011 /* Info.plist */ = {isa = PBXFileReference; lastKnownFileType = text.plist.xml; path = Info.plist; sourceTree = "<group>"; };
		87CD82CDD29D002547F47653 /* libPods-RuiLife.a */ = {isa = PBXFileReference; explicitFileType = archive.ar; includeInIndex = 0; path = "libPods-RuiLife.a"; sourceTree = BUILT_PRODUCTS_DIR; };
		C6D8784BD3586D55D189CC0D /* Pods-RuiLife.debug.xcconfig */ = {isa = PBXFileReference; includeInIndex = 1; lastKnownFileType = text.xcconfig; name = "Pods-RuiLife.debug.xcconfig"; path = "Pods/Target Support Files/Pods-RuiLife/Pods-RuiLife.debug.xcconfig"; sourceTree = "<group>"; };
		D6DBD8B24E11CA7B8212F21A /* Pods-RuiLife.release.xcconfig */ = {isa = PBXFileReference; includeInIndex = 1; lastKnownFileType = text.xcconfig; name = "Pods-RuiLife.release.xcconfig"; path = "Pods/Target Support Files/Pods-RuiLife/Pods-RuiLife.release.xcconfig"; sourceTree = "<group>"; };
/* End PBXFileReference section */

/* Begin PBXFrameworksBuildPhase section */
		04B4CC8B1EA6F0ED00AFD011 /* Frameworks */ = {
			isa = PBXFrameworksBuildPhase;
			buildActionMask = 2147483647;
			files = (
				6423DD528AD33D930B31F352 /* libPods-RuiLife.a in Frameworks */,
			);
			runOnlyForDeploymentPostprocessing = 0;
		};
		04B4CCA41EA6F0EE00AFD011 /* Frameworks */ = {
			isa = PBXFrameworksBuildPhase;
			buildActionMask = 2147483647;
			files = (
			);
			runOnlyForDeploymentPostprocessing = 0;
		};
		04B4CCAF1EA6F0EE00AFD011 /* Frameworks */ = {
			isa = PBXFrameworksBuildPhase;
			buildActionMask = 2147483647;
			files = (
			);
			runOnlyForDeploymentPostprocessing = 0;
		};
/* End PBXFrameworksBuildPhase section */

/* Begin PBXGroup section */
		0453C5F21EA7113E00F7D5AE /* Supporting Files */ = {
			isa = PBXGroup;
			children = (
				0453C5F31EA7113E00F7D5AE /* AppDelegate.h */,
				0453C5F41EA7113E00F7D5AE /* AppDelegate.m */,
				0453C5F51EA7113E00F7D5AE /* Info.plist */,
				0453C5F61EA7113E00F7D5AE /* LaunchScreen.storyboard */,
				0453C5F71EA7113E00F7D5AE /* main.m */,
				0453C6261EA7151800F7D5AE /* RuiLife-Prefix.pch */,
			);
			path = "Supporting Files";
			sourceTree = "<group>";
		};
		0453C6011EA7132C00F7D5AE /* RuiLife */ = {
			isa = PBXGroup;
			children = (
				0453C6071EA7139600F7D5AE /* Public */,
				0453C6021EA7132C00F7D5AE /* Account */,
				0453C6031EA7132C00F7D5AE /* Device */,
				0453C6041EA7132C00F7D5AE /* Discover */,
				0453C6051EA7132C00F7D5AE /* Scene */,
				0453C6061EA7132C00F7D5AE /* SignInUp */,
			);
			path = RuiLife;
			sourceTree = "<group>";
		};
		0453C6021EA7132C00F7D5AE /* Account */ = {
			isa = PBXGroup;
			children = (
				0453C6081EA713C200F7D5AE /* AccountViewController.h */,
				0453C6091EA713C200F7D5AE /* AccountViewController.m */,
				0453C60A1EA713C200F7D5AE /* AccountViewController.xib */,
			);
			path = Account;
			sourceTree = "<group>";
		};
		0453C6031EA7132C00F7D5AE /* Device */ = {
			isa = PBXGroup;
			children = (
				0453C60D1EA713D100F7D5AE /* DeviceViewController.h */,
				0453C60E1EA713D100F7D5AE /* DeviceViewController.m */,
				0453C60F1EA713D100F7D5AE /* DeviceViewController.xib */,
			);
			path = Device;
			sourceTree = "<group>";
		};
		0453C6041EA7132C00F7D5AE /* Discover */ = {
			isa = PBXGroup;
			children = (
				0453C6121EA713DE00F7D5AE /* DiscoverViewController.h */,
				0453C6131EA713DE00F7D5AE /* DiscoverViewController.m */,
				0453C6141EA713DE00F7D5AE /* DiscoverViewController.xib */,
			);
			path = Discover;
			sourceTree = "<group>";
		};
		0453C6051EA7132C00F7D5AE /* Scene */ = {
			isa = PBXGroup;
			children = (
				0453C6171EA713EB00F7D5AE /* SceneViewController.h */,
				0453C6181EA713EB00F7D5AE /* SceneViewController.m */,
				0453C6191EA713EB00F7D5AE /* SceneViewController.xib */,
			);
			path = Scene;
			sourceTree = "<group>";
		};
		0453C6061EA7132C00F7D5AE /* SignInUp */ = {
			isa = PBXGroup;
			children = (
				0453C61C1EA713FA00F7D5AE /* LoginViewController.h */,
				0453C61D1EA713FA00F7D5AE /* LoginViewController.m */,
				0453C61E1EA713FA00F7D5AE /* LoginViewController.xib */,
				0453C6211EA7141D00F7D5AE /* RegistViewController.h */,
				0453C6221EA7141D00F7D5AE /* RegistViewController.m */,
				0453C6231EA7141D00F7D5AE /* RegistViewController.xib */,
			);
			path = SignInUp;
			sourceTree = "<group>";
		};
		0453C6071EA7139600F7D5AE /* Public */ = {
			isa = PBXGroup;
			children = (
			);
			path = Public;
			sourceTree = "<group>";
		};
		04B4CC851EA6F0ED00AFD011 = {
			isa = PBXGroup;
			children = (
				04B4CC901EA6F0EE00AFD011 /* RuiLife */,
				04B4CCAA1EA6F0EE00AFD011 /* RuiLifeTests */,
				04B4CCB51EA6F0EE00AFD011 /* RuiLifeUITests */,
				04B4CC8F1EA6F0EE00AFD011 /* Products */,
				5FD930F7A229793B71D75E29 /* Pods */,
				8B9993DD3AC328A1DEF34FA8 /* Frameworks */,
			);
			sourceTree = "<group>";
		};
		04B4CC8F1EA6F0EE00AFD011 /* Products */ = {
			isa = PBXGroup;
			children = (
				04B4CC8E1EA6F0EE00AFD011 /* RuiLife.app */,
				04B4CCA71EA6F0EE00AFD011 /* RuiLifeTests.xctest */,
				04B4CCB21EA6F0EE00AFD011 /* RuiLifeUITests.xctest */,
			);
			name = Products;
			sourceTree = "<group>";
		};
		04B4CC901EA6F0EE00AFD011 /* RuiLife */ = {
			isa = PBXGroup;
			children = (
				0453C6011EA7132C00F7D5AE /* RuiLife */,
				0453C5F21EA7113E00F7D5AE /* Supporting Files */,
				04B4CC9D1EA6F0EE00AFD011 /* Assets.xcassets */,
			);
			path = RuiLife;
			sourceTree = "<group>";
		};
		04B4CCAA1EA6F0EE00AFD011 /* RuiLifeTests */ = {
			isa = PBXGroup;
			children = (
				04B4CCAB1EA6F0EE00AFD011 /* RuiLifeTests.m */,
				04B4CCAD1EA6F0EE00AFD011 /* Info.plist */,
			);
			path = RuiLifeTests;
			sourceTree = "<group>";
		};
		04B4CCB51EA6F0EE00AFD011 /* RuiLifeUITests */ = {
			isa = PBXGroup;
			children = (
				04B4CCB61EA6F0EE00AFD011 /* RuiLifeUITests.m */,
				04B4CCB81EA6F0EE00AFD011 /* Info.plist */,
			);
			path = RuiLifeUITests;
			sourceTree = "<group>";
		};
		5FD930F7A229793B71D75E29 /* Pods */ = {
			isa = PBXGroup;
			children = (
				C6D8784BD3586D55D189CC0D /* Pods-RuiLife.debug.xcconfig */,
				D6DBD8B24E11CA7B8212F21A /* Pods-RuiLife.release.xcconfig */,
			);
			name = Pods;
			sourceTree = "<group>";
		};
		8B9993DD3AC328A1DEF34FA8 /* Frameworks */ = {
			isa = PBXGroup;
			children = (
				87CD82CDD29D002547F47653 /* libPods-RuiLife.a */,
			);
			name = Frameworks;
			sourceTree = "<group>";
		};
/* End PBXGroup section */

/* Begin PBXNativeTarget section */
		04B4CC8D1EA6F0ED00AFD011 /* RuiLife */ = {
			isa = PBXNativeTarget;
			buildConfigurationList = 04B4CCBB1EA6F0EE00AFD011 /* Build configuration list for PBXNativeTarget "RuiLife" */;
			buildPhases = (
				306E0FA54083CBA7A7B77F8A /* [CP] Check Pods Manifest.lock */,
				04B4CC8A1EA6F0ED00AFD011 /* Sources */,
				04B4CC8B1EA6F0ED00AFD011 /* Frameworks */,
				04B4CC8C1EA6F0ED00AFD011 /* Resources */,
				FFB4BAA4C65E35834A8B76FF /* [CP] Embed Pods Frameworks */,
				AE14E9D022D9AA8C8306E856 /* [CP] Copy Pods Resources */,
			);
			buildRules = (
			);
			dependencies = (
			);
			name = RuiLife;
			productName = RuiLife;
			productReference = 04B4CC8E1EA6F0EE00AFD011 /* RuiLife.app */;
			productType = "com.apple.product-type.application";
		};
		04B4CCA61EA6F0EE00AFD011 /* RuiLifeTests */ = {
			isa = PBXNativeTarget;
			buildConfigurationList = 04B4CCBE1EA6F0EE00AFD011 /* Build configuration list for PBXNativeTarget "RuiLifeTests" */;
			buildPhases = (
				04B4CCA31EA6F0EE00AFD011 /* Sources */,
				04B4CCA41EA6F0EE00AFD011 /* Frameworks */,
				04B4CCA51EA6F0EE00AFD011 /* Resources */,
			);
			buildRules = (
			);
			dependencies = (
				04B4CCA91EA6F0EE00AFD011 /* PBXTargetDependency */,
			);
			name = RuiLifeTests;
			productName = RuiLifeTests;
			productReference = 04B4CCA71EA6F0EE00AFD011 /* RuiLifeTests.xctest */;
			productType = "com.apple.product-type.bundle.unit-test";
		};
		04B4CCB11EA6F0EE00AFD011 /* RuiLifeUITests */ = {
			isa = PBXNativeTarget;
			buildConfigurationList = 04B4CCC11EA6F0EE00AFD011 /* Build configuration list for PBXNativeTarget "RuiLifeUITests" */;
			buildPhases = (
				04B4CCAE1EA6F0EE00AFD011 /* Sources */,
				04B4CCAF1EA6F0EE00AFD011 /* Frameworks */,
				04B4CCB01EA6F0EE00AFD011 /* Resources */,
			);
			buildRules = (
			);
			dependencies = (
				04B4CCB41EA6F0EE00AFD011 /* PBXTargetDependency */,
			);
			name = RuiLifeUITests;
			productName = RuiLifeUITests;
			productReference = 04B4CCB21EA6F0EE00AFD011 /* RuiLifeUITests.xctest */;
			productType = "com.apple.product-type.bundle.ui-testing";
		};
/* End PBXNativeTarget section */

/* Begin PBXProject section */
		04B4CC861EA6F0ED00AFD011 /* Project object */ = {
			isa = PBXProject;
			attributes = {
				LastUpgradeCheck = 0820;
				ORGANIZATIONNAME = huarui;
				TargetAttributes = {
					04B4CC8D1EA6F0ED00AFD011 = {
						CreatedOnToolsVersion = 8.2;
						ProvisioningStyle = Automatic;
					};
					04B4CCA61EA6F0EE00AFD011 = {
						CreatedOnToolsVersion = 8.2;
						ProvisioningStyle = Automatic;
						TestTargetID = 04B4CC8D1EA6F0ED00AFD011;
					};
					04B4CCB11EA6F0EE00AFD011 = {
						CreatedOnToolsVersion = 8.2;
						ProvisioningStyle = Automatic;
						TestTargetID = 04B4CC8D1EA6F0ED00AFD011;
					};
				};
			};
			buildConfigurationList = 04B4CC891EA6F0ED00AFD011 /* Build configuration list for PBXProject "RuiLife" */;
			compatibilityVersion = "Xcode 3.2";
			developmentRegion = English;
			hasScannedForEncodings = 0;
			knownRegions = (
				en,
				Base,
			);
			mainGroup = 04B4CC851EA6F0ED00AFD011;
			productRefGroup = 04B4CC8F1EA6F0EE00AFD011 /* Products */;
			projectDirPath = "";
			projectRoot = "";
			targets = (
				04B4CC8D1EA6F0ED00AFD011 /* RuiLife */,
				04B4CCA61EA6F0EE00AFD011 /* RuiLifeTests */,
				04B4CCB11EA6F0EE00AFD011 /* RuiLifeUITests */,
			);
		};
/* End PBXProject section */

/* Begin PBXResourcesBuildPhase section */
		04B4CC8C1EA6F0ED00AFD011 /* Resources */ = {
			isa = PBXResourcesBuildPhase;
			buildActionMask = 2147483647;
			files = (
				0453C6201EA713FA00F7D5AE /* LoginViewController.xib in Resources */,
				0453C5FA1EA7113E00F7D5AE /* LaunchScreen.storyboard in Resources */,
				0453C6161EA713DE00F7D5AE /* DiscoverViewController.xib in Resources */,
				0453C5F91EA7113E00F7D5AE /* Info.plist in Resources */,
				0453C6111EA713D100F7D5AE /* DeviceViewController.xib in Resources */,
				0453C60C1EA713C200F7D5AE /* AccountViewController.xib in Resources */,
				0453C61B1EA713EB00F7D5AE /* SceneViewController.xib in Resources */,
				0453C6251EA7141D00F7D5AE /* RegistViewController.xib in Resources */,
				04B4CC9E1EA6F0EE00AFD011 /* Assets.xcassets in Resources */,
			);
			runOnlyForDeploymentPostprocessing = 0;
		};
		04B4CCA51EA6F0EE00AFD011 /* Resources */ = {
			isa = PBXResourcesBuildPhase;
			buildActionMask = 2147483647;
			files = (
			);
			runOnlyForDeploymentPostprocessing = 0;
		};
		04B4CCB01EA6F0EE00AFD011 /* Resources */ = {
			isa = PBXResourcesBuildPhase;
			buildActionMask = 2147483647;
			files = (
			);
			runOnlyForDeploymentPostprocessing = 0;
		};
/* End PBXResourcesBuildPhase section */

/* Begin PBXShellScriptBuildPhase section */
		306E0FA54083CBA7A7B77F8A /* [CP] Check Pods Manifest.lock */ = {
			isa = PBXShellScriptBuildPhase;
			buildActionMask = 2147483647;
			files = (
			);
			inputPaths = (
			);
			name = "[CP] Check Pods Manifest.lock";
			outputPaths = (
			);
			runOnlyForDeploymentPostprocessing = 0;
			shellPath = /bin/sh;
			shellScript = "diff \"${PODS_ROOT}/../Podfile.lock\" \"${PODS_ROOT}/Manifest.lock\" > /dev/null\nif [ $? != 0 ] ; then\n    # print error to STDERR\n    echo \"error: The sandbox is not in sync with the Podfile.lock. Run 'pod install' or update your CocoaPods installation.\" >&2\n    exit 1\nfi\n";
			showEnvVarsInLog = 0;
		};
		AE14E9D022D9AA8C8306E856 /* [CP] Copy Pods Resources */ = {
			isa = PBXShellScriptBuildPhase;
			buildActionMask = 2147483647;
			files = (
			);
			inputPaths = (
			);
			name = "[CP] Copy Pods Resources";
			outputPaths = (
			);
			runOnlyForDeploymentPostprocessing = 0;
			shellPath = /bin/sh;
			shellScript = "\"${SRCROOT}/Pods/Target Support Files/Pods-RuiLife/Pods-RuiLife-resources.sh\"\n";
			showEnvVarsInLog = 0;
		};
		FFB4BAA4C65E35834A8B76FF /* [CP] Embed Pods Frameworks */ = {
			isa = PBXShellScriptBuildPhase;
			buildActionMask = 2147483647;
			files = (
			);
			inputPaths = (
			);
			name = "[CP] Embed Pods Frameworks";
			outputPaths = (
			);
			runOnlyForDeploymentPostprocessing = 0;
			shellPath = /bin/sh;
			shellScript = "\"${SRCROOT}/Pods/Target Support Files/Pods-RuiLife/Pods-RuiLife-frameworks.sh\"\n";
			showEnvVarsInLog = 0;
		};
/* End PBXShellScriptBuildPhase section */

/* Begin PBXSourcesBuildPhase section */
		04B4CC8A1EA6F0ED00AFD011 /* Sources */ = {
			isa = PBXSourcesBuildPhase;
			buildActionMask = 2147483647;
			files = (
				0453C6151EA713DE00F7D5AE /* DiscoverViewController.m in Sources */,
				0453C6101EA713D100F7D5AE /* DeviceViewController.m in Sources */,
				0453C5FB1EA7113E00F7D5AE /* main.m in Sources */,
				0453C61A1EA713EB00F7D5AE /* SceneViewController.m in Sources */,
				0453C61F1EA713FA00F7D5AE /* LoginViewController.m in Sources */,
				0453C60B1EA713C200F7D5AE /* AccountViewController.m in Sources */,
				0453C6241EA7141D00F7D5AE /* RegistViewController.m in Sources */,
				0453C5F81EA7113E00F7D5AE /* AppDelegate.m in Sources */,
			);
			runOnlyForDeploymentPostprocessing = 0;
		};
		04B4CCA31EA6F0EE00AFD011 /* Sources */ = {
			isa = PBXSourcesBuildPhase;
			buildActionMask = 2147483647;
			files = (
				04B4CCAC1EA6F0EE00AFD011 /* RuiLifeTests.m in Sources */,
			);
			runOnlyForDeploymentPostprocessing = 0;
		};
		04B4CCAE1EA6F0EE00AFD011 /* Sources */ = {
			isa = PBXSourcesBuildPhase;
			buildActionMask = 2147483647;
			files = (
				04B4CCB71EA6F0EE00AFD011 /* RuiLifeUITests.m in Sources */,
			);
			runOnlyForDeploymentPostprocessing = 0;
		};
/* End PBXSourcesBuildPhase section */

/* Begin PBXTargetDependency section */
		04B4CCA91EA6F0EE00AFD011 /* PBXTargetDependency */ = {
			isa = PBXTargetDependency;
			target = 04B4CC8D1EA6F0ED00AFD011 /* RuiLife */;
			targetProxy = 04B4CCA81EA6F0EE00AFD011 /* PBXContainerItemProxy */;
		};
		04B4CCB41EA6F0EE00AFD011 /* PBXTargetDependency */ = {
			isa = PBXTargetDependency;
			target = 04B4CC8D1EA6F0ED00AFD011 /* RuiLife */;
			targetProxy = 04B4CCB31EA6F0EE00AFD011 /* PBXContainerItemProxy */;
		};
/* End PBXTargetDependency section */

/* Begin XCBuildConfiguration section */
		04B4CCB91EA6F0EE00AFD011 /* Debug */ = {
			isa = XCBuildConfiguration;
			buildSettings = {
				ALWAYS_SEARCH_USER_PATHS = NO;
				CLANG_ANALYZER_NONNULL = YES;
				CLANG_CXX_LANGUAGE_STANDARD = "gnu++0x";
				CLANG_CXX_LIBRARY = "libc++";
				CLANG_ENABLE_MODULES = YES;
				CLANG_ENABLE_OBJC_ARC = YES;
				CLANG_WARN_BOOL_CONVERSION = YES;
				CLANG_WARN_CONSTANT_CONVERSION = YES;
				CLANG_WARN_DIRECT_OBJC_ISA_USAGE = YES_ERROR;
				CLANG_WARN_DOCUMENTATION_COMMENTS = YES;
				CLANG_WARN_EMPTY_BODY = YES;
				CLANG_WARN_ENUM_CONVERSION = YES;
				CLANG_WARN_INFINITE_RECURSION = YES;
				CLANG_WARN_INT_CONVERSION = YES;
				CLANG_WARN_OBJC_ROOT_CLASS = YES_ERROR;
				CLANG_WARN_SUSPICIOUS_MOVE = YES;
				CLANG_WARN_UNREACHABLE_CODE = YES;
				CLANG_WARN__DUPLICATE_METHOD_MATCH = YES;
				"CODE_SIGN_IDENTITY[sdk=iphoneos*]" = "iPhone Developer";
				COPY_PHASE_STRIP = NO;
				DEBUG_INFORMATION_FORMAT = dwarf;
				ENABLE_STRICT_OBJC_MSGSEND = YES;
				ENABLE_TESTABILITY = YES;
				GCC_C_LANGUAGE_STANDARD = gnu99;
				GCC_DYNAMIC_NO_PIC = NO;
				GCC_NO_COMMON_BLOCKS = YES;
				GCC_OPTIMIZATION_LEVEL = 0;
				GCC_PREPROCESSOR_DEFINITIONS = (
					"DEBUG=1",
					"$(inherited)",
				);
				GCC_WARN_64_TO_32_BIT_CONVERSION = YES;
				GCC_WARN_ABOUT_RETURN_TYPE = YES_ERROR;
				GCC_WARN_UNDECLARED_SELECTOR = YES;
				GCC_WARN_UNINITIALIZED_AUTOS = YES_AGGRESSIVE;
				GCC_WARN_UNUSED_FUNCTION = YES;
				GCC_WARN_UNUSED_VARIABLE = YES;
				IPHONEOS_DEPLOYMENT_TARGET = 10.2;
				MTL_ENABLE_DEBUG_INFO = YES;
				ONLY_ACTIVE_ARCH = YES;
				SDKROOT = iphoneos;
				TARGETED_DEVICE_FAMILY = "1,2";
			};
			name = Debug;
		};
		04B4CCBA1EA6F0EE00AFD011 /* Release */ = {
			isa = XCBuildConfiguration;
			buildSettings = {
				ALWAYS_SEARCH_USER_PATHS = NO;
				CLANG_ANALYZER_NONNULL = YES;
				CLANG_CXX_LANGUAGE_STANDARD = "gnu++0x";
				CLANG_CXX_LIBRARY = "libc++";
				CLANG_ENABLE_MODULES = YES;
				CLANG_ENABLE_OBJC_ARC = YES;
				CLANG_WARN_BOOL_CONVERSION = YES;
				CLANG_WARN_CONSTANT_CONVERSION = YES;
				CLANG_WARN_DIRECT_OBJC_ISA_USAGE = YES_ERROR;
				CLANG_WARN_DOCUMENTATION_COMMENTS = YES;
				CLANG_WARN_EMPTY_BODY = YES;
				CLANG_WARN_ENUM_CONVERSION = YES;
				CLANG_WARN_INFINITE_RECURSION = YES;
				CLANG_WARN_INT_CONVERSION = YES;
				CLANG_WARN_OBJC_ROOT_CLASS = YES_ERROR;
				CLANG_WARN_SUSPICIOUS_MOVE = YES;
				CLANG_WARN_UNREACHABLE_CODE = YES;
				CLANG_WARN__DUPLICATE_METHOD_MATCH = YES;
				"CODE_SIGN_IDENTITY[sdk=iphoneos*]" = "iPhone Developer";
				COPY_PHASE_STRIP = NO;
				DEBUG_INFORMATION_FORMAT = "dwarf-with-dsym";
				ENABLE_NS_ASSERTIONS = NO;
				ENABLE_STRICT_OBJC_MSGSEND = YES;
				GCC_C_LANGUAGE_STANDARD = gnu99;
				GCC_NO_COMMON_BLOCKS = YES;
				GCC_WARN_64_TO_32_BIT_CONVERSION = YES;
				GCC_WARN_ABOUT_RETURN_TYPE = YES_ERROR;
				GCC_WARN_UNDECLARED_SELECTOR = YES;
				GCC_WARN_UNINITIALIZED_AUTOS = YES_AGGRESSIVE;
				GCC_WARN_UNUSED_FUNCTION = YES;
				GCC_WARN_UNUSED_VARIABLE = YES;
				IPHONEOS_DEPLOYMENT_TARGET = 10.2;
				MTL_ENABLE_DEBUG_INFO = NO;
				SDKROOT = iphoneos;
				TARGETED_DEVICE_FAMILY = "1,2";
				VALIDATE_PRODUCT = YES;
			};
			name = Release;
		};
		04B4CCBC1EA6F0EE00AFD011 /* Debug */ = {
			isa = XCBuildConfiguration;
			baseConfigurationReference = C6D8784BD3586D55D189CC0D /* Pods-RuiLife.debug.xcconfig */;
			buildSettings = {
				ASSETCATALOG_COMPILER_APPICON_NAME = AppIcon;
				"CODE_SIGN_IDENTITY[sdk=iphoneos*]" = "iPhone Developer";
				DEVELOPMENT_TEAM = "";
				GCC_PREFIX_HEADER = "$(SRCROOT)/RuiLife/Supporting Files/RuiLife-prefix.pch";
				INFOPLIST_FILE = "$(SRCROOT)/RuiLife/Supporting Files/Info.plist";
				IPHONEOS_DEPLOYMENT_TARGET = 8.0;
				LD_RUNPATH_SEARCH_PATHS = "$(inherited) @executable_path/Frameworks";
				PRODUCT_BUNDLE_IDENTIFIER = com.herolife.ruilife;
				PRODUCT_NAME = "$(TARGET_NAME)";
			};
			name = Debug;
		};
		04B4CCBD1EA6F0EE00AFD011 /* Release */ = {
			isa = XCBuildConfiguration;
			baseConfigurationReference = D6DBD8B24E11CA7B8212F21A /* Pods-RuiLife.release.xcconfig */;
			buildSettings = {
				ASSETCATALOG_COMPILER_APPICON_NAME = AppIcon;
				"CODE_SIGN_IDENTITY[sdk=iphoneos*]" = "iPhone Developer";
				DEVELOPMENT_TEAM = "";
				GCC_PREFIX_HEADER = "$(SRCROOT)/RuiLife/Supporting Files/RuiLife-prefix.pch";
				INFOPLIST_FILE = "$(SRCROOT)/RuiLife/Supporting Files/Info.plist";
				IPHONEOS_DEPLOYMENT_TARGET = 8.0;
				LD_RUNPATH_SEARCH_PATHS = "$(inherited) @executable_path/Frameworks";
				PRODUCT_BUNDLE_IDENTIFIER = com.herolife.ruilife;
				PRODUCT_NAME = "$(TARGET_NAME)";
			};
			name = Release;
		};
		04B4CCBF1EA6F0EE00AFD011 /* Debug */ = {
			isa = XCBuildConfiguration;
			buildSettings = {
				BUNDLE_LOADER = "$(TEST_HOST)";
				INFOPLIST_FILE = RuiLifeTests/Info.plist;
				LD_RUNPATH_SEARCH_PATHS = "$(inherited) @executable_path/Frameworks @loader_path/Frameworks";
				PRODUCT_BUNDLE_IDENTIFIER = cn.RuiLifeTests;
				PRODUCT_NAME = "$(TARGET_NAME)";
				TEST_HOST = "$(BUILT_PRODUCTS_DIR)/RuiLife.app/RuiLife";
			};
			name = Debug;
		};
		04B4CCC01EA6F0EE00AFD011 /* Release */ = {
			isa = XCBuildConfiguration;
			buildSettings = {
				BUNDLE_LOADER = "$(TEST_HOST)";
				INFOPLIST_FILE = RuiLifeTests/Info.plist;
				LD_RUNPATH_SEARCH_PATHS = "$(inherited) @executable_path/Frameworks @loader_path/Frameworks";
				PRODUCT_BUNDLE_IDENTIFIER = cn.RuiLifeTests;
				PRODUCT_NAME = "$(TARGET_NAME)";
				TEST_HOST = "$(BUILT_PRODUCTS_DIR)/RuiLife.app/RuiLife";
			};
			name = Release;
		};
		04B4CCC21EA6F0EE00AFD011 /* Debug */ = {
			isa = XCBuildConfiguration;
			buildSettings = {
				INFOPLIST_FILE = RuiLifeUITests/Info.plist;
				LD_RUNPATH_SEARCH_PATHS = "$(inherited) @executable_path/Frameworks @loader_path/Frameworks";
				PRODUCT_BUNDLE_IDENTIFIER = cn.RuiLifeUITests;
				PRODUCT_NAME = "$(TARGET_NAME)";
				TEST_TARGET_NAME = RuiLife;
			};
			name = Debug;
		};
		04B4CCC31EA6F0EE00AFD011 /* Release */ = {
			isa = XCBuildConfiguration;
			buildSettings = {
				INFOPLIST_FILE = RuiLifeUITests/Info.plist;
				LD_RUNPATH_SEARCH_PATHS = "$(inherited) @executable_path/Frameworks @loader_path/Frameworks";
				PRODUCT_BUNDLE_IDENTIFIER = cn.RuiLifeUITests;
				PRODUCT_NAME = "$(TARGET_NAME)";
				TEST_TARGET_NAME = RuiLife;
			};
			name = Release;
		};
/* End XCBuildConfiguration section */

/* Begin XCConfigurationList section */
		04B4CC891EA6F0ED00AFD011 /* Build configuration list for PBXProject "RuiLife" */ = {
			isa = XCConfigurationList;
			buildConfigurations = (
				04B4CCB91EA6F0EE00AFD011 /* Debug */,
				04B4CCBA1EA6F0EE00AFD011 /* Release */,
			);
			defaultConfigurationIsVisible = 0;
			defaultConfigurationName = Release;
		};
		04B4CCBB1EA6F0EE00AFD011 /* Build configuration list for PBXNativeTarget "RuiLife" */ = {
			isa = XCConfigurationList;
			buildConfigurations = (
				04B4CCBC1EA6F0EE00AFD011 /* Debug */,
				04B4CCBD1EA6F0EE00AFD011 /* Release */,
			);
			defaultConfigurationIsVisible = 0;
			defaultConfigurationName = Release;
		};
		04B4CCBE1EA6F0EE00AFD011 /* Build configuration list for PBXNativeTarget "RuiLifeTests" */ = {
			isa = XCConfigurationList;
			buildConfigurations = (
				04B4CCBF1EA6F0EE00AFD011 /* Debug */,
				04B4CCC01EA6F0EE00AFD011 /* Release */,
			);
			defaultConfigurationIsVisible = 0;
			defaultConfigurationName = Release;
		};
		04B4CCC11EA6F0EE00AFD011 /* Build configuration list for PBXNativeTarget "RuiLifeUITests" */ = {
			isa = XCConfigurationList;
			buildConfigurations = (
				04B4CCC21EA6F0EE00AFD011 /* Debug */,
				04B4CCC31EA6F0EE00AFD011 /* Release */,
			);
			defaultConfigurationIsVisible = 0;
			defaultConfigurationName = Release;
		};
/* End XCConfigurationList section */
	};
	rootObject = 04B4CC861EA6F0ED00AFD011 /* Project object */;
}
